<?xml version="1.0" encoding="UTF-8"?>
<!DOCTYPE plist PUBLIC "-//Apple//DTD PLIST 1.0//EN" "http://www.apple.com/DTDs/PropertyList-1.0.dtd">
<plist version="1.0">
<dict>
	<key>archiveVersion</key>
	<string>1</string>
	<key>classes</key>
	<dict/>
	<key>objectVersion</key>
	<string>56</string>
	<key>objects</key>
	<dict>
		<key>000000000000000000000001</key>
		<dict>
			<key>isa</key>
			<string>PBXFileReference</string>
			<key>lastKnownFileType</key>
			<string>sourcecode.swift</string>
			<key>path</key>
			<string>Sources/ReleaseConsumer/ReleaseConsumer.swift</string>
			<key>sourceTree</key>
			<string>&lt;group&gt;</string>
		</dict>
		<key>000000000000000000000002</key>
		<dict>
			<key>explicitFileType</key>
			<string>wrapper.framework</string>
			<key>includeInIndex</key>
			<string>0</string>
			<key>isa</key>
			<string>PBXFileReference</string>
			<key>path</key>
			<string>ReleaseConsumer.framework</string>
			<key>sourceTree</key>
			<string>BUILT_PRODUCTS_DIR</string>
		</dict>
		<key>000000000000000000000003</key>
		<dict>
			<key>fileRef</key>
			<string>000000000000000000000001</string>
			<key>isa</key>
			<string>PBXBuildFile</string>
		</dict>
		<key>000000000000000000000004</key>
		<dict>
			<key>children</key>
			<array>
				<string>000000000000000000000002</string>
			</array>
			<key>isa</key>
			<string>PBXGroup</string>
			<key>name</key>
			<string>Products</string>
			<key>sourceTree</key>
			<string>&lt;group&gt;</string>
		</dict>
		<key>000000000000000000000005</key>
		<dict>
			<key>children</key>
			<array>
				<string>000000000000000000000001</string>
				<string>000000000000000000000004</string>
			</array>
			<key>isa</key>
			<string>PBXGroup</string>
			<key>sourceTree</key>
			<string>&lt;group&gt;</string>
		</dict>
		<key>000000000000000000000006</key>
		<dict>
			<key>isa</key>
			<string>XCLocalSwiftPackageReference</string>
			<key>relativePath</key>
			<string>release-candidate</string>
		</dict>
		<key>000000000000000000000007</key>
		<dict>
			<key>buildActionMask</key>
			<string>2147483647</string>
			<key>files</key>
			<array>
				<string>000000000000000000000003</string>
			</array>
			<key>isa</key>
			<string>PBXSourcesBuildPhase</string>
			<key>runOnlyForDeploymentPostprocessing</key>
			<string>0</string>
		</dict>
		<key>000000000000000000000008</key>
		<dict>
			<key>buildActionMask</key>
			<string>2147483647</string>
			<key>files</key>
			<array>
				<string>00000000000000000000001E</string>
				<string>00000000000000000000001F</string>
				<string>000000000000000000000020</string>
				<string>000000000000000000000021</string>
				<string>000000000000000000000022</string>
			</array>
			<key>isa</key>
			<string>PBXFrameworksBuildPhase</string>
			<key>runOnlyForDeploymentPostprocessing</key>
			<string>0</string>
		</dict>
		<key>000000000000000000000014</key>
		<dict>
			<key>isa</key>
			<string>XCSwiftPackageProductDependency</string>
			<key>package</key>
			<string>000000000000000000000006</string>
			<key>productName</key>
			<string>AppStoreConnectCore</string>
		</dict>
		<key>000000000000000000000015</key>
		<dict>
			<key>isa</key>
			<string>XCSwiftPackageProductDependency</string>
			<key>package</key>
			<string>000000000000000000000006</string>
			<key>productName</key>
			<string>AppStoreConnectPublicAPI</string>
		</dict>
		<key>000000000000000000000016</key>
		<dict>
			<key>isa</key>
			<string>XCSwiftPackageProductDependency</string>
			<key>package</key>
			<string>000000000000000000000006</string>
			<key>productName</key>
			<string>AppStoreConnectWorkflow</string>
		</dict>
		<key>000000000000000000000017</key>
		<dict>
			<key>isa</key>
			<string>XCSwiftPackageProductDependency</string>
			<key>package</key>
			<string>000000000000000000000006</string>
			<key>productName</key>
			<string>AppStoreConnectWebSession</string>
		</dict>
		<key>000000000000000000000018</key>
		<dict>
			<key>isa</key>
			<string>XCSwiftPackageProductDependency</string>
			<key>package</key>
			<string>000000000000000000000006</string>
			<key>productName</key>
			<string>AppStoreConnectIrisAPI</string>
		</dict>
		<key>00000000000000000000001E</key>
		<dict>
			<key>isa</key>
			<string>PBXBuildFile</string>
			<key>productRef</key>
			<string>000000000000000000000014</string>
		</dict>
		<key>00000000000000000000001F</key>
		<dict>
			<key>isa</key>
			<string>PBXBuildFile</string>
			<key>productRef</key>
			<string>000000000000000000000015</string>
		</dict>
		<key>000000000000000000000020</key>
		<dict>
			<key>isa</key>
			<string>PBXBuildFile</string>
			<key>productRef</key>
			<string>000000000000000000000016</string>
		</dict>
		<key>000000000000000000000021</key>
		<dict>
			<key>isa</key>
			<string>PBXBuildFile</string>
			<key>productRef</key>
			<string>000000000000000000000017</string>
		</dict>
		<key>000000000000000000000022</key>
		<dict>
			<key>isa</key>
			<string>PBXBuildFile</string>
			<key>productRef</key>
			<string>000000000000000000000018</string>
		</dict>
		<key>000000000000000000000028</key>
		<dict>
			<key>buildSettings</key>
			<dict>
				<key>CLANG_ENABLE_MODULES</key>
				<string>YES</string>
				<key>SWIFT_VERSION</key>
				<string>6.0</string>
			</dict>
			<key>isa</key>
			<string>XCBuildConfiguration</string>
			<key>name</key>
			<string>Debug</string>
		</dict>
		<key>000000000000000000000029</key>
		<dict>
			<key>buildSettings</key>
			<dict>
				<key>CLANG_ENABLE_MODULES</key>
				<string>YES</string>
				<key>SWIFT_VERSION</key>
				<string>6.0</string>
			</dict>
			<key>isa</key>
			<string>XCBuildConfiguration</string>
			<key>name</key>
			<string>Release</string>
		</dict>
		<key>000000000000000000000032</key>
		<dict>
			<key>buildSettings</key>
			<dict>
				<key>DEFINES_MODULE</key>
				<string>YES</string>
				<key>GENERATE_INFOPLIST_FILE</key>
				<string>YES</string>
				<key>IPHONEOS_DEPLOYMENT_TARGET</key>
				<string>18.0</string>
				<key>MACOSX_DEPLOYMENT_TARGET</key>
				<string>15.0</string>
				<key>PRODUCT_BUNDLE_IDENTIFIER</key>
				<string>org.swift-library.ReleaseConsumer</string>
				<key>PRODUCT_NAME</key>
				<string>$(TARGET_NAME)</string>
				<key>SDKROOT</key>
				<string>auto</string>
				<key>SKIP_INSTALL</key>
				<string>YES</string>
				<key>SUPPORTED_PLATFORMS</key>
				<string>macosx iphoneos iphonesimulator appletvos appletvsimulator watchos watchsimulator xros xrsimulator</string>
				<key>TVOS_DEPLOYMENT_TARGET</key>
				<string>18.0</string>
				<key>WATCHOS_DEPLOYMENT_TARGET</key>
				<string>11.0</string>
				<key>XROS_DEPLOYMENT_TARGET</key>
				<string>2.0</string>
			</dict>
			<key>isa</key>
			<string>XCBuildConfiguration</string>
			<key>name</key>
			<string>Debug</string>
		</dict>
		<key>000000000000000000000033</key>
		<dict>
			<key>buildSettings</key>
			<dict>
				<key>DEFINES_MODULE</key>
				<string>YES</string>
				<key>GENERATE_INFOPLIST_FILE</key>
				<string>YES</string>
				<key>IPHONEOS_DEPLOYMENT_TARGET</key>
				<string>18.0</string>
				<key>MACOSX_DEPLOYMENT_TARGET</key>
				<string>15.0</string>
				<key>PRODUCT_BUNDLE_IDENTIFIER</key>
				<string>org.swift-library.ReleaseConsumer</string>
				<key>PRODUCT_NAME</key>
				<string>$(TARGET_NAME)</string>
				<key>SDKROOT</key>
				<string>auto</string>
				<key>SKIP_INSTALL</key>
				<string>YES</string>
				<key>SUPPORTED_PLATFORMS</key>
				<string>macosx iphoneos iphonesimulator appletvos appletvsimulator watchos watchsimulator xros xrsimulator</string>
				<key>TVOS_DEPLOYMENT_TARGET</key>
				<string>18.0</string>
				<key>WATCHOS_DEPLOYMENT_TARGET</key>
				<string>11.0</string>
				<key>XROS_DEPLOYMENT_TARGET</key>
				<string>2.0</string>
			</dict>
			<key>isa</key>
			<string>XCBuildConfiguration</string>
			<key>name</key>
			<string>Release</string>
		</dict>
		<key>00000000000000000000003C</key>
		<dict>
			<key>buildConfigurations</key>
			<array>
				<string>000000000000000000000028</string>
				<string>000000000000000000000029</string>
			</array>
			<key>defaultConfigurationIsVisible</key>
			<string>0</string>
			<key>defaultConfigurationName</key>
			<string>Release</string>
			<key>isa</key>
			<string>XCConfigurationList</string>
		</dict>
		<key>00000000000000000000003D</key>
		<dict>
			<key>buildConfigurations</key>
			<array>
				<string>000000000000000000000032</string>
				<string>000000000000000000000033</string>
			</array>
			<key>defaultConfigurationIsVisible</key>
			<string>0</string>
			<key>defaultConfigurationName</key>
			<string>Release</string>
			<key>isa</key>
			<string>XCConfigurationList</string>
		</dict>
		<key>00000000000000000000003E</key>
		<dict>
			<key>buildConfigurationList</key>
			<string>00000000000000000000003D</string>
			<key>buildPhases</key>
			<array>
				<string>000000000000000000000007</string>
				<string>000000000000000000000008</string>
			</array>
			<key>buildRules</key>
			<array/>
			<key>dependencies</key>
			<array/>
			<key>isa</key>
			<string>PBXNativeTarget</string>
			<key>name</key>
			<string>ReleaseConsumer</string>
			<key>packageProductDependencies</key>
			<array>
				<string>000000000000000000000014</string>
				<string>000000000000000000000015</string>
				<string>000000000000000000000016</string>
				<string>000000000000000000000017</string>
				<string>000000000000000000000018</string>
			</array>
			<key>productName</key>
			<string>ReleaseConsumer</string>
			<key>productReference</key>
			<string>000000000000000000000002</string>
			<key>productType</key>
			<string>com.apple.product-type.framework</string>
		</dict>
		<key>00000000000000000000003F</key>
		<dict>
			<key>attributes</key>
			<dict>
				<key>BuildIndependentTargetsInParallel</key>
				<string>YES</string>
			</dict>
			<key>buildConfigurationList</key>
			<string>00000000000000000000003C</string>
			<key>compatibilityVersion</key>
			<string>Xcode 14.0</string>
			<key>developmentRegion</key>
			<string>en</string>
			<key>hasScannedForEncodings</key>
			<string>0</string>
			<key>isa</key>
			<string>PBXProject</string>
			<key>knownRegions</key>
			<array>
				<string>en</string>
				<string>Base</string>
			</array>
			<key>mainGroup</key>
			<string>000000000000000000000005</string>
			<key>packageReferences</key>
			<array>
				<string>000000000000000000000006</string>
			</array>
			<key>productRefGroup</key>
			<string>000000000000000000000004</string>
			<key>projectDirPath</key>
			<string></string>
			<key>projectRoot</key>
			<string></string>
			<key>targets</key>
			<array>
				<string>00000000000000000000003E</string>
			</array>
		</dict>
	</dict>
	<key>rootObject</key>
	<string>00000000000000000000003F</string>
</dict>
</plist>
